{
  "name": "yach-scan-helper",
  "version": "0.1.0",
  "lockfileVersion": 3,
  "requires": true,
  "packages": {
    "": {
      "name": "yach-scan-helper",
      "version": "0.1.0",
      "dependencies": {
        "yach.open.yylogin": "1.3.1"
      }
    },
    "node_modules/yach.open.yylogin": {
      "version": "1.3.1",
      "resolved": "https://registry.npmmirror.com/yach.open.yylogin/-/yach.open.yylogin-1.3.1.tgz",
      "integrity": "sha512-9j8b2e6FsYVgiR+D1M+kRve4BJv/+CzuPSsU5y+GERg3UyvHuTjVT4N8EogNQ8F2Ez82IoqDtuwjrpxheG84Jg==",
      "license": "ISC"
    }
  }
}
